{
  "name": "labs-1",
  "version": "1.0.0",
  "lockfileVersion": 1,
  "requires": true,
  "dependencies": {
    "events.once": {
      "version": "2.0.2",
      "resolved": "https://globaldevtools.bbva.com:443/artifactory/api/npm/npm-repo/events.once/-/events.once-2.0.2.tgz",
      "integrity": "sha1-noSsFO8jjAcOvA9EVWwkIl+px6Q=",
      "dev": true
    },
    "make-promises-safe": {
      "version": "5.1.0",
      "resolved": "https://globaldevtools.bbva.com:443/artifactory/api/npm/npm-repo/make-promises-safe/-/make-promises-safe-5.1.0.tgz",
      "integrity": "sha1-3Z0xH1VbyqFE8S4iWz03eF8KqPI=",
      "dev": true
    },
    "nonsynchronous": {
      "version": "1.2.0",
      "resolved": "https://globaldevtools.bbva.com:443/artifactory/api/npm/npm-repo/nonsynchronous/-/nonsynchronous-1.2.0.tgz",
      "integrity": "sha1-xNnAwkBhFSBxGQDYDWXK6bPCNew=",
      "dev": true,
      "requires": {
        "events.once": "^2.0.2",
        "make-promises-safe": "^5.0.0"
      }
    }
  }
}
