{
  "name": "labs-2",
  "version": "1.0.0",
  "lockfileVersion": 1,
  "requires": true,
  "dependencies": {
    "abstract-logging": {
      "version": "2.0.1",
      "resolved": "https://globaldevtools.bbva.com:443/artifactory/api/npm/npm-repo/abstract-logging/-/abstract-logging-2.0.1.tgz",
      "integrity": "sha1-aww3HfIS23EptX0uf88oK4vxyDk="
    },
    "ajv": {
      "version": "6.12.6",
      "resolved": "https://globaldevtools.bbva.com:443/artifactory/api/npm/npm-repo/ajv/-/ajv-6.12.6.tgz",
      "integrity": "sha1-uvWmLoArB9l3A0WG+MO69a3ybfQ=",
      "requires": {
        "fast-deep-equal": "^3.1.1",
        "fast-json-stable-stringify": "^2.0.0",
        "json-schema-traverse": "^0.4.1",
        "uri-js": "^4.2.2"
      }
    },
    "archy": {
      "version": "1.0.0",
      "resolved": "https://globaldevtools.bbva.com:443/artifactory/api/npm/npm-repo/archy/-/archy-1.0.0.tgz",
      "integrity": "sha1-+cjBN1fMHde8N5rHeyxipcKGjEA="
    },
    "atomic-sleep": {
      "version": "1.0.0",
      "resolved": "https://globaldevtools.bbva.com:443/artifactory/api/npm/npm-repo/atomic-sleep/-/atomic-sleep-1.0.0.tgz",
      "integrity": "sha1-64W3emAfyTLP5DLFrNNkqeLJB1s="
    },
    "avvio": {
      "version": "6.5.0",
      "resolved": "https://globaldevtools.bbva.com:443/artifactory/api/npm/npm-repo/avvio/-/avvio-6.5.0.tgz",
      "integrity": "sha1-0s8RmWf+kNIVavwp3jUM7YAM2qs=",
      "requires": {
        "archy": "^1.0.0",
        "debug": "^4.0.0",
        "fastq": "^1.6.0"
      }
    },
    "cookie": {
      "version": "0.4.1",
      "resolved": "https://globaldevtools.bbva.com:443/artifactory/api/npm/npm-repo/cookie/-/cookie-0.4.1.tgz",
      "integrity": "sha1-r9cT/ibr0hupXOth+agRblClN9E="
    },
    "debug": {
      "version": "4.3.2",
      "resolved": "https://globaldevtools.bbva.com:443/artifactory/api/npm/npm-repo/debug/-/debug-4.3.2.tgz",
      "integrity": "sha1-8KScGKyHeeMdSgxgKd+3aHPHQos=",
      "requires": {
        "ms": "2.1.2"
      }
    },
    "deepmerge": {
      "version": "4.2.2",
      "resolved": "https://globaldevtools.bbva.com:443/artifactory/api/npm/npm-repo/deepmerge/-/deepmerge-4.2.2.tgz",
      "integrity": "sha1-RNLqNnm49NT/ujPwPYZfwee/SVU="
    },
    "fast-decode-uri-component": {
      "version": "1.0.1",
      "resolved": "https://globaldevtools.bbva.com:443/artifactory/api/npm/npm-repo/fast-decode-uri-component/-/fast-decode-uri-component-1.0.1.tgz",
      "integrity": "sha1-Rvi2wisw/3qBNX1PWav66TggJUM="
    },
    "fast-deep-equal": {
      "version": "3.1.3",
      "resolved": "https://globaldevtools.bbva.com:443/artifactory/api/npm/npm-repo/fast-deep-equal/-/fast-deep-equal-3.1.3.tgz",
      "integrity": "sha1-On1WtVnWy8PrUSMlJE5hmmXGxSU="
    },
    "fast-json-stable-stringify": {
      "version": "2.1.0",
      "resolved": "https://globaldevtools.bbva.com:443/artifactory/api/npm/npm-repo/fast-json-stable-stringify/-/fast-json-stable-stringify-2.1.0.tgz",
      "integrity": "sha1-h0v2nG9ATCtdmcSBNBOZ/VWJJjM="
    },
    "fast-json-stringify": {
      "version": "1.21.0",
      "resolved": "https://globaldevtools.bbva.com:443/artifactory/api/npm/npm-repo/fast-json-stringify/-/fast-json-stringify-1.21.0.tgz",
      "integrity": "sha1-UbyMbXfYx7LMfl+nVPf5CfnhJi8=",
      "requires": {
        "ajv": "^6.11.0",
        "deepmerge": "^4.2.2",
        "string-similarity": "^4.0.1"
      }
    },
    "fast-redact": {
      "version": "2.1.0",
      "resolved": "https://globaldevtools.bbva.com:443/artifactory/api/npm/npm-repo/fast-redact/-/fast-redact-2.1.0.tgz",
      "integrity": "sha1-3+PBymk2f7Im8RCqTsEOyFRi/98="
    },
    "fast-safe-stringify": {
      "version": "2.0.8",
      "resolved": "https://globaldevtools.bbva.com:443/artifactory/api/npm/npm-repo/fast-safe-stringify/-/fast-safe-stringify-2.0.8.tgz",
      "integrity": "sha1-3Cr0jEbPcStoPoSbK71EazLek28="
    },
    "fastify": {
      "version": "2.15.3",
      "resolved": "https://globaldevtools.bbva.com:443/artifactory/api/npm/npm-repo/fastify/-/fastify-2.15.3.tgz",
      "integrity": "sha1-upQem2IXXwU+8Bw+6p+nbpH//tE=",
      "requires": {
        "abstract-logging": "^2.0.0",
        "ajv": "^6.12.0",
        "avvio": "^6.5.0",
        "fast-json-stringify": "^1.18.0",
        "find-my-way": "^2.2.2",
        "flatstr": "^1.0.12",
        "light-my-request": "^3.7.3",
        "middie": "^4.1.0",
        "pino": "^5.17.0",
        "proxy-addr": "^2.0.6",
        "readable-stream": "^3.6.0",
        "rfdc": "^1.1.2",
        "secure-json-parse": "^2.1.0",
        "tiny-lru": "^7.0.2"
      }
    },
    "fastq": {
      "version": "1.11.1",
      "resolved": "https://globaldevtools.bbva.com:443/artifactory/api/npm/npm-repo/fastq/-/fastq-1.11.1.tgz",
      "integrity": "sha1-XYF1quF9thlH+LFiz8f2MmTSKAc=",
      "requires": {
        "reusify": "^1.0.4"
      }
    },
    "find-my-way": {
      "version": "2.2.5",
      "resolved": "https://globaldevtools.bbva.com:443/artifactory/api/npm/npm-repo/find-my-way/-/find-my-way-2.2.5.tgz",
      "integrity": "sha1-hs6CUmb6KM2WLlOKRewqqoTD1RQ=",
      "requires": {
        "fast-decode-uri-component": "^1.0.0",
        "safe-regex2": "^2.0.0",
        "semver-store": "^0.3.0"
      }
    },
    "flatstr": {
      "version": "1.0.12",
      "resolved": "https://globaldevtools.bbva.com:443/artifactory/api/npm/npm-repo/flatstr/-/flatstr-1.0.12.tgz",
      "integrity": "sha1-wrpqCBc+27bJZA4wVbleKHzrWTE="
    },
    "forwarded": {
      "version": "0.2.0",
      "resolved": "https://globaldevtools.bbva.com:443/artifactory/api/npm/npm-repo/forwarded/-/forwarded-0.2.0.tgz",
      "integrity": "sha1-ImmTZCiq1MFcfr6XeahL8LKoGBE="
    },
    "inherits": {
      "version": "2.0.4",
      "resolved": "https://globaldevtools.bbva.com:443/artifactory/api/npm/npm-repo/inherits/-/inherits-2.0.4.tgz",
      "integrity": "sha1-D6LGT5MpF8NDOg3tVTY6rjdBa3w="
    },
    "ipaddr.js": {
      "version": "1.9.1",
      "resolved": "https://globaldevtools.bbva.com:443/artifactory/api/npm/npm-repo/ipaddr.js/-/ipaddr.js-1.9.1.tgz",
      "integrity": "sha1-v/OFQ+64mEglB5/zoqjmy9RngbM="
    },
    "json-schema-traverse": {
      "version": "0.4.1",
      "resolved": "https://globaldevtools.bbva.com:443/artifactory/api/npm/npm-repo/json-schema-traverse/-/json-schema-traverse-0.4.1.tgz",
      "integrity": "sha1-afaofZUTq4u4/mO9sJecRI5oRmA="
    },
    "light-my-request": {
      "version": "3.8.0",
      "resolved": "https://globaldevtools.bbva.com:443/artifactory/api/npm/npm-repo/light-my-request/-/light-my-request-3.8.0.tgz",
      "integrity": "sha1-falnhuTUeTcbJc/VJO4F1dWD2ug=",
      "requires": {
        "ajv": "^6.10.2",
        "cookie": "^0.4.0",
        "readable-stream": "^3.4.0",
        "set-cookie-parser": "^2.4.1"
      }
    },
    "lru-cache": {
      "version": "6.0.0",
      "resolved": "https://globaldevtools.bbva.com:443/artifactory/api/npm/npm-repo/lru-cache/-/lru-cache-6.0.0.tgz",
      "integrity": "sha1-bW/mVw69lqr5D8rR2vo7JWbbOpQ=",
      "requires": {
        "yallist": "^4.0.0"
      }
    },
    "middie": {
      "version": "4.1.0",
      "resolved": "https://globaldevtools.bbva.com:443/artifactory/api/npm/npm-repo/middie/-/middie-4.1.0.tgz",
      "integrity": "sha1-D+mGyD1QgUiVFMoaLaulyjYmNDY=",
      "requires": {
        "path-to-regexp": "^4.0.0",
        "reusify": "^1.0.2"
      }
    },
    "ms": {
      "version": "2.1.2",
      "resolved": "https://globaldevtools.bbva.com:443/artifactory/api/npm/npm-repo/ms/-/ms-2.1.2.tgz",
      "integrity": "sha1-0J0fNXtEP0kzgqjrPM0YOHKuYAk="
    },
    "path-to-regexp": {
      "version": "4.0.5",
      "resolved": "https://globaldevtools.bbva.com:443/artifactory/api/npm/npm-repo/path-to-regexp/-/path-to-regexp-4.0.5.tgz",
      "integrity": "sha1-LU/RQK+aNpv3to93p/3DQEkPQjk="
    },
    "pino": {
      "version": "5.17.0",
      "resolved": "https://globaldevtools.bbva.com:443/artifactory/api/npm/npm-repo/pino/-/pino-5.17.0.tgz",
      "integrity": "sha1-ud7zFOgkAhVPiaJddqMfIMqEtMg=",
      "requires": {
        "fast-redact": "^2.0.0",
        "fast-safe-stringify": "^2.0.7",
        "flatstr": "^1.0.12",
        "pino-std-serializers": "^2.4.2",
        "quick-format-unescaped": "^3.0.3",
        "sonic-boom": "^0.7.5"
      }
    },
    "pino-std-serializers": {
      "version": "2.5.0",
      "resolved": "https://globaldevtools.bbva.com:443/artifactory/api/npm/npm-repo/pino-std-serializers/-/pino-std-serializers-2.5.0.tgz",
      "integrity": "sha1-QOrXgcZaDOfs2cHDP0CdMf5xIxU="
    },
    "proxy-addr": {
      "version": "2.0.7",
      "resolved": "https://globaldevtools.bbva.com:443/artifactory/api/npm/npm-repo/proxy-addr/-/proxy-addr-2.0.7.tgz",
      "integrity": "sha1-8Z/mnOqzEe65S0LnDowgcPm6ECU=",
      "requires": {
        "forwarded": "0.2.0",
        "ipaddr.js": "1.9.1"
      }
    },
    "punycode": {
      "version": "2.1.1",
      "resolved": "https://globaldevtools.bbva.com:443/artifactory/api/npm/npm-repo/punycode/-/punycode-2.1.1.tgz",
      "integrity": "sha1-tYsBCsQMIsVldhbI0sLALHv0eew="
    },
    "quick-format-unescaped": {
      "version": "3.0.3",
      "resolved": "https://globaldevtools.bbva.com:443/artifactory/api/npm/npm-repo/quick-format-unescaped/-/quick-format-unescaped-3.0.3.tgz",
      "integrity": "sha1-+z5GisZMAdIjBYBsOfEh3awNH7k="
    },
    "readable-stream": {
      "version": "3.6.0",
      "resolved": "https://globaldevtools.bbva.com:443/artifactory/api/npm/npm-repo/readable-stream/-/readable-stream-3.6.0.tgz",
      "integrity": "sha1-M3u9o63AcGvT4CRCaihtS0sskZg=",
      "requires": {
        "inherits": "^2.0.3",
        "string_decoder": "^1.1.1",
        "util-deprecate": "^1.0.1"
      }
    },
    "ret": {
      "version": "0.2.2",
      "resolved": "https://globaldevtools.bbva.com:443/artifactory/api/npm/npm-repo/ret/-/ret-0.2.2.tgz",
      "integrity": "sha1-toYXgqH0di3OQ0Aqcet6KD9EVzw="
    },
    "reusify": {
      "version": "1.0.4",
      "resolved": "https://globaldevtools.bbva.com:443/artifactory/api/npm/npm-repo/reusify/-/reusify-1.0.4.tgz",
      "integrity": "sha1-kNo4Kx4SbvwCFG6QhFqI2xKSXXY="
    },
    "rfdc": {
      "version": "1.1.3",
      "resolved": "https://globaldevtools.bbva.com:443/artifactory/api/npm/npm-repo/rfdc/-/rfdc-1.1.3.tgz",
      "integrity": "sha1-h9AMm7RFv5cGOEBodQVwEC/Vqn4="
    },
    "safe-buffer": {
      "version": "5.2.1",
      "resolved": "https://globaldevtools.bbva.com:443/artifactory/api/npm/npm-repo/safe-buffer/-/safe-buffer-5.2.1.tgz",
      "integrity": "sha1-Hq+fqb2x/dTsdfWPnNtOa3gn7sY="
    },
    "safe-regex2": {
      "version": "2.0.0",
      "resolved": "https://globaldevtools.bbva.com:443/artifactory/api/npm/npm-repo/safe-regex2/-/safe-regex2-2.0.0.tgz",
      "integrity": "sha1-sodSTDl8eimURwNn4BheGRax9bk=",
      "requires": {
        "ret": "~0.2.0"
      }
    },
    "secure-json-parse": {
      "version": "2.4.0",
      "resolved": "https://globaldevtools.bbva.com:443/artifactory/api/npm/npm-repo/secure-json-parse/-/secure-json-parse-2.4.0.tgz",
      "integrity": "sha1-Wq6q74XHpBf3YnGk9bDMMxXdyoU="
    },
    "semver": {
      "version": "7.3.5",
      "resolved": "https://globaldevtools.bbva.com:443/artifactory/api/npm/npm-repo/semver/-/semver-7.3.5.tgz",
      "integrity": "sha1-C2Ich5NI2JmOSw5L6Us/EuYBjvc=",
      "requires": {
        "lru-cache": "^6.0.0"
      }
    },
    "semver-store": {
      "version": "0.3.0",
      "resolved": "https://globaldevtools.bbva.com:443/artifactory/api/npm/npm-repo/semver-store/-/semver-store-0.3.0.tgz",
      "integrity": "sha1-zmAv8H3zcIDsn0+0CylXZUe+++k="
    },
    "set-cookie-parser": {
      "version": "2.4.8",
      "resolved": "https://globaldevtools.bbva.com:443/artifactory/api/npm/npm-repo/set-cookie-parser/-/set-cookie-parser-2.4.8.tgz",
      "integrity": "sha1-0NoO04i8jyTnBqOR+cniUqE8WLI="
    },
    "sonic-boom": {
      "version": "0.7.7",
      "resolved": "https://globaldevtools.bbva.com:443/artifactory/api/npm/npm-repo/sonic-boom/-/sonic-boom-0.7.7.tgz",
      "integrity": "sha1-2SHeiHQoIIv6B7CuMsJ43gQ/NQo=",
      "requires": {
        "atomic-sleep": "^1.0.0",
        "flatstr": "^1.0.12"
      }
    },
    "string-similarity": {
      "version": "4.0.4",
      "resolved": "https://globaldevtools.bbva.com:443/artifactory/api/npm/npm-repo/string-similarity/-/string-similarity-4.0.4.tgz",
      "integrity": "sha1-QtAasLNGYOqKAY2o9WozCbuLKls="
    },
    "string_decoder": {
      "version": "1.3.0",
      "resolved": "https://globaldevtools.bbva.com:443/artifactory/api/npm/npm-repo/string_decoder/-/string_decoder-1.3.0.tgz",
      "integrity": "sha1-QvEUWUpGzxqOMLCoT1bHjD7awh4=",
      "requires": {
        "safe-buffer": "~5.2.0"
      }
    },
    "tiny-lru": {
      "version": "7.0.6",
      "resolved": "https://globaldevtools.bbva.com:443/artifactory/api/npm/npm-repo/tiny-lru/-/tiny-lru-7.0.6.tgz",
      "integrity": "sha1-sMPN7eHliCqi0a4hyyzszyozHyQ="
    },
    "uri-js": {
      "version": "4.4.1",
      "resolved": "https://globaldevtools.bbva.com:443/artifactory/api/npm/npm-repo/uri-js/-/uri-js-4.4.1.tgz",
      "integrity": "sha1-mxpSWVIlhZ5V9mnZKPiMbFfyp34=",
      "requires": {
        "punycode": "^2.1.0"
      }
    },
    "util-deprecate": {
      "version": "1.0.2",
      "resolved": "https://globaldevtools.bbva.com:443/artifactory/api/npm/npm-repo/util-deprecate/-/util-deprecate-1.0.2.tgz",
      "integrity": "sha1-RQ1Nyfpw3nMnYvvS1KKJgUGaDM8="
    },
    "yallist": {
      "version": "4.0.0",
      "resolved": "https://globaldevtools.bbva.com:443/artifactory/api/npm/npm-repo/yallist/-/yallist-4.0.0.tgz",
      "integrity": "sha1-m7knkNnA7/7GO+c1GeEaNQGaOnI="
    }
  }
}
